// !$*UTF8*$!
{
	archiveVersion = 1;
	classes = {
	};
	objectVersion = 50;
	objects = {

/* Begin PBXBuildFile section */
		D1E8C47F266F601000EF4C62 /* Part2.swift in Sources */ = {isa = PBXBuildFile; fileRef = D1E8C47E266F601000EF4C62 /* Part2.swift */; };
		D1E8C48826734EE300EF4C62 /* Part3.swift in Sources */ = {isa = PBXBuildFile; fileRef = D1E8C48726734EE300EF4C62 /* Part3.swift */; };
		D1F84EBC2641201C00AAC6DC /* AppDelegate.swift in Sources */ = {isa = PBXBuildFile; fileRef = D1F84EBB2641201C00AAC6DC /* AppDelegate.swift */; };
		D1F84EBE2641201C00AAC6DC /* SceneDelegate.swift in Sources */ = {isa = PBXBuildFile; fileRef = D1F84EBD2641201C00AAC6DC /* SceneDelegate.swift */; };
		D1F84EC02641201C00AAC6DC /* Part1.swift in Sources */ = {isa = PBXBuildFile; fileRef = D1F84EBF2641201C00AAC6DC /* Part1.swift */; };
		D1F84EC32641201C00AAC6DC /* Main.storyboard in Resources */ = {isa = PBXBuildFile; fileRef = D1F84EC12641201C00AAC6DC /* Main.storyboard */; };
		D1F84EC52641201D00AAC6DC /* Assets.xcassets in Resources */ = {isa = PBXBuildFile; fileRef = D1F84EC42641201D00AAC6DC /* Assets.xcassets */; };
		D1F84EC82641201D00AAC6DC /* LaunchScreen.storyboard in Resources */ = {isa = PBXBuildFile; fileRef = D1F84EC62641201D00AAC6DC /* LaunchScreen.storyboard */; };
		D1F84ED42641214B00AAC6DC /* Extensions.swift in Sources */ = {isa = PBXBuildFile; fileRef = D1F84ED32641214B00AAC6DC /* Extensions.swift */; };
/* End PBXBuildFile section */

/* Begin PBXFileReference section */
		D1E8C47E266F601000EF4C62 /* Part2.swift */ = {isa = PBXFileReference; lastKnownFileType = sourcecode.swift; path = Part2.swift; sourceTree = "<group>"; };
		D1E8C48726734EE300EF4C62 /* Part3.swift */ = {isa = PBXFileReference; lastKnownFileType = sourcecode.swift; path = Part3.swift; sourceTree = "<group>"; };
		D1F84EB82641201C00AAC6DC /* uielements.app */ = {isa = PBXFileReference; explicitFileType = wrapper.application; includeInIndex = 0; path = uielements.app; sourceTree = BUILT_PRODUCTS_DIR; };
		D1F84EBB2641201C00AAC6DC /* AppDelegate.swift */ = {isa = PBXFileReference; lastKnownFileType = sourcecode.swift; path = AppDelegate.swift; sourceTree = "<group>"; };
		D1F84EBD2641201C00AAC6DC /* SceneDelegate.swift */ = {isa = PBXFileReference; lastKnownFileType = sourcecode.swift; path = SceneDelegate.swift; sourceTree = "<group>"; };
		D1F84EBF2641201C00AAC6DC /* Part1.swift */ = {isa = PBXFileReference; lastKnownFileType = sourcecode.swift; path = Part1.swift; sourceTree = "<group>"; };
		D1F84EC22641201C00AAC6DC /* Base */ = {isa = PBXFileReference; lastKnownFileType = file.storyboard; name = Base; path = Base.lproj/Main.storyboard; sourceTree = "<group>"; };
		D1F84EC42641201D00AAC6DC /* Assets.xcassets */ = {isa = PBXFileReference; lastKnownFileType = folder.assetcatalog; path = Assets.xcassets; sourceTree = "<group>"; };
		D1F84EC72641201D00AAC6DC /* Base */ = {isa = PBXFileReference; lastKnownFileType = file.storyboard; name = Base; path = Base.lproj/LaunchScreen.storyboard; sourceTree = "<group>"; };
		D1F84EC92641201D00AAC6DC /* Info.plist */ = {isa = PBXFileReference; lastKnownFileType = text.plist.xml; path = Info.plist; sourceTree = "<group>"; };
		D1F84ED32641214B00AAC6DC /* Extensions.swift */ = {isa = PBXFileReference; lastKnownFileType = sourcecode.swift; path = Extensions.swift; sourceTree = "<group>"; };
/* End PBXFileReference section */

/* Begin PBXFrameworksBuildPhase section */
		D1F84EB52641201C00AAC6DC /* Frameworks */ = {
			isa = PBXFrameworksBuildPhase;
			buildActionMask = 2147483647;
			files = (
			);
			runOnlyForDeploymentPostprocessing = 0;
		};
/* End PBXFrameworksBuildPhase section */

/* Begin PBXGroup section */
		D1F84EAF2641201C00AAC6DC = {
			isa = PBXGroup;
			children = (
				D1F84EBA2641201C00AAC6DC /* uielements */,
				D1F84ED12641203600AAC6DC /* Extras */,
				D1F84EB92641201C00AAC6DC /* Products */,
			);
			sourceTree = "<group>";
		};
		D1F84EB92641201C00AAC6DC /* Products */ = {
			isa = PBXGroup;
			children = (
				D1F84EB82641201C00AAC6DC /* uielements.app */,
			);
			name = Products;
			sourceTree = "<group>";
		};
		D1F84EBA2641201C00AAC6DC /* uielements */ = {
			isa = PBXGroup;
			children = (
				D1F84EBF2641201C00AAC6DC /* Part1.swift */,
				D1E8C47E266F601000EF4C62 /* Part2.swift */,
				D1E8C48726734EE300EF4C62 /* Part3.swift */,
				D1F84EC12641201C00AAC6DC /* Main.storyboard */,
				D1F84EC42641201D00AAC6DC /* Assets.xcassets */,
				D1F84EC62641201D00AAC6DC /* LaunchScreen.storyboard */,
				D1F84EC92641201D00AAC6DC /* Info.plist */,
			);
			path = uielements;
			sourceTree = "<group>";
		};
		D1F84ED12641203600AAC6DC /* Extras */ = {
			isa = PBXGroup;
			children = (
				D1F84EBB2641201C00AAC6DC /* AppDelegate.swift */,
				D1F84EBD2641201C00AAC6DC /* SceneDelegate.swift */,
				D1F84ED32641214B00AAC6DC /* Extensions.swift */,
			);
			path = Extras;
			sourceTree = "<group>";
		};
/* End PBXGroup section */

/* Begin PBXNativeTarget section */
		D1F84EB72641201C00AAC6DC /* uielements */ = {
			isa = PBXNativeTarget;
			buildConfigurationList = D1F84ECC2641201D00AAC6DC /* Build configuration list for PBXNativeTarget "uielements" */;
			buildPhases = (
				D1F84EB42641201C00AAC6DC /* Sources */,
				D1F84EB52641201C00AAC6DC /* Frameworks */,
				D1F84EB62641201C00AAC6DC /* Resources */,
			);
			buildRules = (
			);
			dependencies = (
			);
			name = uielements;
			productName = uielements;
			productReference = D1F84EB82641201C00AAC6DC /* uielements.app */;
			productType = "com.apple.product-type.application";
		};
/* End PBXNativeTarget section */

/* Begin PBXProject section */
		D1F84EB02641201C00AAC6DC /* Project object */ = {
			isa = PBXProject;
			attributes = {
				LastSwiftUpdateCheck = 1240;
				LastUpgradeCheck = 1240;
				TargetAttributes = {
					D1F84EB72641201C00AAC6DC = {
						CreatedOnToolsVersion = 12.4;
					};
				};
			};
			buildConfigurationList = D1F84EB32641201C00AAC6DC /* Build configuration list for PBXProject "uielements" */;
			compatibilityVersion = "Xcode 9.3";
			developmentRegion = en;
			hasScannedForEncodings = 0;
			knownRegions = (
				en,
				Base,
			);
			mainGroup = D1F84EAF2641201C00AAC6DC;
			productRefGroup = D1F84EB92641201C00AAC6DC /* Products */;
			projectDirPath = "";
			projectRoot = "";
			targets = (
				D1F84EB72641201C00AAC6DC /* uielements */,
			);
		};
/* End PBXProject section */

/* Begin PBXResourcesBuildPhase section */
		D1F84EB62641201C00AAC6DC /* Resources */ = {
			isa = PBXResourcesBuildPhase;
			buildActionMask = 2147483647;
			files = (
				D1F84EC82641201D00AAC6DC /* LaunchScreen.storyboard in Resources */,
				D1F84EC52641201D00AAC6DC /* Assets.xcassets in Resources */,
				D1F84EC32641201C00AAC6DC /* Main.storyboard in Resources */,
			);
			runOnlyForDeploymentPostprocessing = 0;
		};
/* End PBXResourcesBuildPhase section */

/* Begin PBXSourcesBuildPhase section */
		D1F84EB42641201C00AAC6DC /* Sources */ = {
			isa = PBXSourcesBuildPhase;
			buildActionMask = 2147483647;
			files = (
				D1E8C48826734EE300EF4C62 /* Part3.swift in Sources */,
				D1F84EC02641201C00AAC6DC /* Part1.swift in Sources */,
				D1F84EBC2641201C00AAC6DC /* AppDelegate.swift in Sources */,
				D1E8C47F266F601000EF4C62 /* Part2.swift in Sources */,
				D1F84EBE2641201C00AAC6DC /* SceneDelegate.swift in Sources */,
				D1F84ED42641214B00AAC6DC /* Extensions.swift in Sources */,
			);
			runOnlyForDeploymentPostprocessing = 0;
		};
/* End PBXSourcesBuildPhase section */

/* Begin PBXVariantGroup section */
		D1F84EC12641201C00AAC6DC /* Main.storyboard */ = {
			isa = PBXVariantGroup;
			children = (
				D1F84EC22641201C00AAC6DC /* Base */,
			);
			name = Main.storyboard;
			sourceTree = "<group>";
		};
		D1F84EC62641201D00AAC6DC /* LaunchScreen.storyboard */ = {
			isa = PBXVariantGroup;
			children = (
				D1F84EC72641201D00AAC6DC /* Base */,
			);
			name = LaunchScreen.storyboard;
			sourceTree = "<group>";
		};
/* End PBXVariantGroup section */

/* Begin XCBuildConfiguration section */
		D1F84ECA2641201D00AAC6DC /* Debug */ = {
			isa = XCBuildConfiguration;
			buildSettings = {
				ALWAYS_SEARCH_USER_PATHS = NO;
				CLANG_ANALYZER_NONNULL = YES;
				CLANG_ANALYZER_NUMBER_OBJECT_CONVERSION = YES_AGGRESSIVE;
				CLANG_CXX_LANGUAGE_STANDARD = "gnu++14";
				CLANG_CXX_LIBRARY = "libc++";
				CLANG_ENABLE_MODULES = YES;
				CLANG_ENABLE_OBJC_ARC = YES;
				CLANG_ENABLE_OBJC_WEAK = YES;
				CLANG_WARN_BLOCK_CAPTURE_AUTORELEASING = YES;
				CLANG_WARN_BOOL_CONVERSION = YES;
				CLANG_WARN_COMMA = YES;
				CLANG_WARN_CONSTANT_CONVERSION = YES;
				CLANG_WARN_DEPRECATED_OBJC_IMPLEMENTATIONS = YES;
				CLANG_WARN_DIRECT_OBJC_ISA_USAGE = YES_ERROR;
				CLANG_WARN_DOCUMENTATION_COMMENTS = YES;
				CLANG_WARN_EMPTY_BODY = YES;
				CLANG_WARN_ENUM_CONVERSION = YES;
				CLANG_WARN_INFINITE_RECURSION = YES;
				CLANG_WARN_INT_CONVERSION = YES;
				CLANG_WARN_NON_LITERAL_NULL_CONVERSION = YES;
				CLANG_WARN_OBJC_IMPLICIT_RETAIN_SELF = YES;
				CLANG_WARN_OBJC_LITERAL_CONVERSION = YES;
				CLANG_WARN_OBJC_ROOT_CLASS = YES_ERROR;
				CLANG_WARN_QUOTED_INCLUDE_IN_FRAMEWORK_HEADER = YES;
				CLANG_WARN_RANGE_LOOP_ANALYSIS = YES;
				CLANG_WARN_STRICT_PROTOTYPES = YES;
				CLANG_WARN_SUSPICIOUS_MOVE = YES;
				CLANG_WARN_UNGUARDED_AVAILABILITY = YES_AGGRESSIVE;
				CLANG_WARN_UNREACHABLE_CODE = YES;
				CLANG_WARN__DUPLICATE_METHOD_MATCH = YES;
				COPY_PHASE_STRIP = NO;
				DEBUG_INFORMATION_FORMAT = dwarf;
				ENABLE_STRICT_OBJC_MSGSEND = YES;
				ENABLE_TESTABILITY = YES;
				GCC_C_LANGUAGE_STANDARD = gnu11;
				GCC_DYNAMIC_NO_PIC = NO;
				GCC_NO_COMMON_BLOCKS = YES;
				GCC_OPTIMIZATION_LEVEL = 0;
				GCC_PREPROCESSOR_DEFINITIONS = (
					"DEBUG=1",
					"$(inherited)",
				);
				GCC_WARN_64_TO_32_BIT_CONVERSION = YES;
				GCC_WARN_ABOUT_RETURN_TYPE = YES_ERROR;
				GCC_WARN_UNDECLARED_SELECTOR = YES;
				GCC_WARN_UNINITIALIZED_AUTOS = YES_AGGRESSIVE;
				GCC_WARN_UNUSED_FUNCTION = YES;
				GCC_WARN_UNUSED_VARIABLE = YES;
				IPHONEOS_DEPLOYMENT_TARGET = 14.4;
				MTL_ENABLE_DEBUG_INFO = INCLUDE_SOURCE;
				MTL_FAST_MATH = YES;
				ONLY_ACTIVE_ARCH = YES;
				SDKROOT = iphoneos;
				SWIFT_ACTIVE_COMPILATION_CONDITIONS = DEBUG;
				SWIFT_OPTIMIZATION_LEVEL = "-Onone";
			};
			name = Debug;
		};
		D1F84ECB2641201D00AAC6DC /* Release */ = {
			isa = XCBuildConfiguration;
			buildSettings = {
				ALWAYS_SEARCH_USER_PATHS = NO;
				CLANG_ANALYZER_NONNULL = YES;
				CLANG_ANALYZER_NUMBER_OBJECT_CONVERSION = YES_AGGRESSIVE;
				CLANG_CXX_LANGUAGE_STANDARD = "gnu++14";
				CLANG_CXX_LIBRARY = "libc++";
				CLANG_ENABLE_MODULES = YES;
				CLANG_ENABLE_OBJC_ARC = YES;
				CLANG_ENABLE_OBJC_WEAK = YES;
				CLANG_WARN_BLOCK_CAPTURE_AUTORELEASING = YES;
				CLANG_WARN_BOOL_CONVERSION = YES;
				CLANG_WARN_COMMA = YES;
				CLANG_WARN_CONSTANT_CONVERSION = YES;
				CLANG_WARN_DEPRECATED_OBJC_IMPLEMENTATIONS = YES;
				CLANG_WARN_DIRECT_OBJC_ISA_USAGE = YES_ERROR;
				CLANG_WARN_DOCUMENTATION_COMMENTS = YES;
				CLANG_WARN_EMPTY_BODY = YES;
				CLANG_WARN_ENUM_CONVERSION = YES;
				CLANG_WARN_INFINITE_RECURSION = YES;
				CLANG_WARN_INT_CONVERSION = YES;
				CLANG_WARN_NON_LITERAL_NULL_CONVERSION = YES;
				CLANG_WARN_OBJC_IMPLICIT_RETAIN_SELF = YES;
				CLANG_WARN_OBJC_LITERAL_CONVERSION = YES;
				CLANG_WARN_OBJC_ROOT_CLASS = YES_ERROR;
				CLANG_WARN_QUOTED_INCLUDE_IN_FRAMEWORK_HEADER = YES;
				CLANG_WARN_RANGE_LOOP_ANALYSIS = YES;
				CLANG_WARN_STRICT_PROTOTYPES = YES;
				CLANG_WARN_SUSPICIOUS_MOVE = YES;
				CLANG_WARN_UNGUARDED_AVAILABILITY = YES_AGGRESSIVE;
				CLANG_WARN_UNREACHABLE_CODE = YES;
				CLANG_WARN__DUPLICATE_METHOD_MATCH = YES;
				COPY_PHASE_STRIP = NO;
				DEBUG_INFORMATION_FORMAT = "dwarf-with-dsym";
				ENABLE_NS_ASSERTIONS = NO;
				ENABLE_STRICT_OBJC_MSGSEND = YES;
				GCC_C_LANGUAGE_STANDARD = gnu11;
				GCC_NO_COMMON_BLOCKS = YES;
				GCC_WARN_64_TO_32_BIT_CONVERSION = YES;
				GCC_WARN_ABOUT_RETURN_TYPE = YES_ERROR;
				GCC_WARN_UNDECLARED_SELECTOR = YES;
				GCC_WARN_UNINITIALIZED_AUTOS = YES_AGGRESSIVE;
				GCC_WARN_UNUSED_FUNCTION = YES;
				GCC_WARN_UNUSED_VARIABLE = YES;
				IPHONEOS_DEPLOYMENT_TARGET = 14.4;
				MTL_ENABLE_DEBUG_INFO = NO;
				MTL_FAST_MATH = YES;
				SDKROOT = iphoneos;
				SWIFT_COMPILATION_MODE = wholemodule;
				SWIFT_OPTIMIZATION_LEVEL = "-O";
				VALIDATE_PRODUCT = YES;
			};
			name = Release;
		};
		D1F84ECD2641201D00AAC6DC /* Debug */ = {
			isa = XCBuildConfiguration;
			buildSettings = {
				ASSETCATALOG_COMPILER_APPICON_NAME = AppIcon;
				ASSETCATALOG_COMPILER_GLOBAL_ACCENT_COLOR_NAME = AccentColor;
				CODE_SIGN_STYLE = Automatic;
				DEVELOPMENT_TEAM = 6MY7C6HRGS;
				INFOPLIST_FILE = uielements/Info.plist;
				LD_RUNPATH_SEARCH_PATHS = (
					"$(inherited)",
					"@executable_path/Frameworks",
				);
				PRODUCT_BUNDLE_IDENTIFIER = xyz.rohit.uielements;
				PRODUCT_NAME = "$(TARGET_NAME)";
				SWIFT_VERSION = 5.0;
				TARGETED_DEVICE_FAMILY = 1;
			};
			name = Debug;
		};
		D1F84ECE2641201D00AAC6DC /* Release */ = {
			isa = XCBuildConfiguration;
			buildSettings = {
				ASSETCATALOG_COMPILER_APPICON_NAME = AppIcon;
				ASSETCATALOG_COMPILER_GLOBAL_ACCENT_COLOR_NAME = AccentColor;
				CODE_SIGN_STYLE = Automatic;
				DEVELOPMENT_TEAM = 6MY7C6HRGS;
				INFOPLIST_FILE = uielements/Info.plist;
				LD_RUNPATH_SEARCH_PATHS = (
					"$(inherited)",
					"@executable_path/Frameworks",
				);
				PRODUCT_BUNDLE_IDENTIFIER = xyz.rohit.uielements;
				PRODUCT_NAME = "$(TARGET_NAME)";
				SWIFT_VERSION = 5.0;
				TARGETED_DEVICE_FAMILY = 1;
			};
			name = Release;
		};
/* End XCBuildConfiguration section */

/* Begin XCConfigurationList section */
		D1F84EB32641201C00AAC6DC /* Build configuration list for PBXProject "uielements" */ = {
			isa = XCConfigurationList;
			buildConfigurations = (
				D1F84ECA2641201D00AAC6DC /* Debug */,
				D1F84ECB2641201D00AAC6DC /* Release */,
			);
			defaultConfigurationIsVisible = 0;
			defaultConfigurationName = Release;
		};
		D1F84ECC2641201D00AAC6DC /* Build configuration list for PBXNativeTarget "uielements" */ = {
			isa = XCConfigurationList;
			buildConfigurations = (
				D1F84ECD2641201D00AAC6DC /* Debug */,
				D1F84ECE2641201D00AAC6DC /* Release */,
			);
			defaultConfigurationIsVisible = 0;
			defaultConfigurationName = Release;
		};
/* End XCConfigurationList section */
	};
	rootObject = D1F84EB02641201C00AAC6DC /* Project object */;
}
